Microsoft Visual Studio Solution File, Format Version 11.00
# Visual Studio 2010
Project("{4F4FA98E-362F-8C84-6FAD-2EA31001B92B}") = "Synth-A-Modeler-Designer", "Synth-A-Modeler-Designer.vcxproj", "{D9CA3016-E563-38BD-1869-389E254F74EA}"
EndProject
Global
	GlobalSection(SolutionConfigurationPlatforms) = preSolution
		Debug|Win32 = Debug|Win32
		Release|Win32 = Release|Win32
	EndGlobalSection
	GlobalSection(ProjectConfigurationPlatforms) = postSolution
		{D9CA3016-E563-38BD-1869-389E254F74EA}.Debug|Win32.ActiveCfg = Debug|Win32
		{D9CA3016-E563-38BD-1869-389E254F74EA}.Debug|Win32.Build.0 = Debug|Win32
		{D9CA3016-E563-38BD-1869-389E254F74EA}.Release|Win32.ActiveCfg = Release|Win32
		{D9CA3016-E563-38BD-1869-389E254F74EA}.Release|Win32.Build.0 = Release|Win32
	EndGlobalSection
	GlobalSection(SolutionProperties) = preSolution
		HideSolutionNode = FALSE
	EndGlobalSection
EndGlobal
