// !$*UTF8*$!
{
	archiveVersion = 1;
	classes = {
	};
	objectVersion = 46;
	objects = {

		52D836C7DB7F1C476DA374D1 = { isa = PBXBuildFile; fileRef = 576EC5945D17C37511A73714; };
		0F200B45E65B40E19F90330C = { isa = PBXBuildFile; fileRef = 5E400F9209C92288061BF0A5; };
		F8A2DD672333ED9DD932B57A = { isa = PBXBuildFile; fileRef = A16FF43F0A89DD8D359C4BF6; };
		3AA838268F63B25785582E08 = { isa = PBXBuildFile; fileRef = EA0CAA294D68A05C750B5A7A; };
		4073E87FEA3ADA388736D56F = { isa = PBXBuildFile; fileRef = 0247C05373A95B1CB430273D; };
		A6451A7AB34239195B0E50F7 = { isa = PBXBuildFile; fileRef = 83BA5D21FB9C1E59F3FAED3B; };
		FA87A938677191D293762BD3 = { isa = PBXBuildFile; fileRef = 4B8FB60B640E443DD3F37853; };
		022569FAFF8D87F918C93A5D = { isa = PBXFileReference; lastKnownFileType = sourcecode.c.h; name = "juce_DirectoryIterator.h"; path = "../../../juce/modules/juce_core/files/juce_DirectoryIterator.h"; sourceTree = "SOURCE_ROOT"; };
		0247C05373A95B1CB430273D = { isa = PBXFileReference; lastKnownFileType = sourcecode.cpp.objcpp; name = "juce_core.mm"; path = "../../../juce/modules/juce_core/juce_core.mm"; sourceTree = "SOURCE_ROOT"; };
		0265036ED06BCE98B42F29BE = { isa = PBXFileReference; lastKnownFileType = sourcecode.cpp.cpp; name = "juce_Value.cpp"; path = "../../../juce/modules/juce_data_structures/values/juce_Value.cpp"; sourceTree = "SOURCE_ROOT"; };
		03FE4D1056BC0E4F7201D5DC = { isa = PBXFileReference; lastKnownFileType = sourcecode.cpp.cpp; name = "juce_InterprocessConnectionServer.cpp"; path = "../../../juce/modules/juce_events/interprocess/juce_InterprocessConnectionServer.cpp"; sourceTree = "SOURCE_ROOT"; };
		04A231E1D69AD82655B3B7C2 = { isa = PBXFileReference; lastKnownFileType = sourcecode.cpp.cpp; name = "juce_Logger.cpp"; path = "../../../juce/modules/juce_core/logging/juce_Logger.cpp"; sourceTree = "SOURCE_ROOT"; };
		0673CDFA2345E2E7BD4ACD4C = { isa = PBXFileReference; lastKnownFileType = sourcecode.c.h; name = "juce_Socket.h"; path = "../../../juce/modules/juce_core/network/juce_Socket.h"; sourceTree = "SOURCE_ROOT"; };
		07D59CBB052CC2702EC92756 = { isa = PBXFileReference; lastKnownFileType = sourcecode.c.h; name = "juce_NamedValueSet.h"; path = "../../../juce/modules/juce_core/containers/juce_NamedValueSet.h"; sourceTree = "SOURCE_ROOT"; };
		08093DA5DEBD783157D6E914 = { isa = PBXFileReference; lastKnownFileType = sourcecode.c.h; name = "juce_BasicNativeHeaders.h"; path = "../../../juce/modules/juce_core/native/juce_BasicNativeHeaders.h"; sourceTree = "SOURCE_ROOT"; };
		081A797F80C7EB4572D9B125 = { isa = PBXFileReference; lastKnownFileType = sourcecode.c.h; name = "juce_HeapBlock.h"; path = "../../../juce/modules/juce_core/memory/juce_HeapBlock.h"; sourceTree = "SOURCE_ROOT"; };
		0883E59E44525DBABB0B99F0 = { isa = PBXFileReference; lastKnownFileType = sourcecode.c.h; name = "juce_WindowsRegistry.h"; path = "../../../juce/modules/juce_core/misc/juce_WindowsRegistry.h"; sourceTree = "SOURCE_ROOT"; };
		099F66DC2C5DBEBFCDABAFF1 = { isa = PBXFileReference; lastKnownFileType = sourcecode.cpp.cpp; name = "juce_ZipFile.cpp"; path = "../../../juce/modules/juce_core/zip/juce_ZipFile.cpp"; sourceTree = "SOURCE_ROOT"; };
		09B98A09CCCBBAA196221799 = { isa = PBXFileReference; lastKnownFileType = sourcecode.c.h; name = "juce_ThreadPool.h"; path = "../../../juce/modules/juce_core/threads/juce_ThreadPool.h"; sourceTree = "SOURCE_ROOT"; };
		0A7809C026E514A11C71CA4F = { isa = PBXFileReference; lastKnownFileType = sourcecode.cpp.cpp; name = "juce_ValueTree.cpp"; path = "../../../juce/modules/juce_data_structures/values/juce_ValueTree.cpp"; sourceTree = "SOURCE_ROOT"; };
		0BCBDA7D55A4E623468DE9F8 = { isa = PBXFileReference; lastKnownFileType = sourcecode.c.h; name = "juce_CharacterFunctions.h"; path = "../../../juce/modules/juce_core/text/juce_CharacterFunctions.h"; sourceTree = "SOURCE_ROOT"; };
		0DD8F25BFF02BFA16B17A60E = { isa = PBXFileReference; lastKnownFileType = sourcecode.c.h; name = "juce_UnitTest.h"; path = "../../../juce/modules/juce_core/unit_tests/juce_UnitTest.h"; sourceTree = "SOURCE_ROOT"; };
		0EB033E03F4113546E431A27 = { isa = PBXFileReference; lastKnownFileType = sourcecode.c.h; name = "juce_GZIPDecompressorInputStream.h"; path = "../../../juce/modules/juce_core/zip/juce_GZIPDecompressorInputStream.h"; sourceTree = "SOURCE_ROOT"; };
		10CB69BCF7454E187D2CF02F = { isa = PBXFileReference; lastKnownFileType = sourcecode.c.h; name = "juce_NotificationType.h"; path = "../../../juce/modules/juce_events/messages/juce_NotificationType.h"; sourceTree = "SOURCE_ROOT"; };
		122CC8C13B5197CF18FAA121 = { isa = PBXFileReference; lastKnownFileType = sourcecode.cpp.cpp; name = "juce_StringPairArray.cpp"; path = "../../../juce/modules/juce_core/text/juce_StringPairArray.cpp"; sourceTree = "SOURCE_ROOT"; };
		1271981007F12A5267AE2F19 = { isa = PBXFileReference; lastKnownFileType = sourcecode.cpp.cpp; name = "juce_AsyncUpdater.cpp"; path = "../../../juce/modules/juce_events/broadcasters/juce_AsyncUpdater.cpp"; sourceTree = "SOURCE_ROOT"; };
		14329D56D3585637AD446DF6 = { isa = PBXFileReference; lastKnownFileType = sourcecode.cpp.cpp; name = "juce_android_Messaging.cpp"; path = "../../../juce/modules/juce_events/native/juce_android_Messaging.cpp"; sourceTree = "SOURCE_ROOT"; };
		149744F9B6D082263FFE5C13 = { isa = PBXFileReference; lastKnownFileType = sourcecode.c.h; name = "juce_PropertiesFile.h"; path = "../../../juce/modules/juce_data_structures/app_properties/juce_PropertiesFile.h"; sourceTree = "SOURCE_ROOT"; };
		1636D398EACF11BB8F2072A8 = { isa = PBXFileReference; lastKnownFileType = sourcecode.cpp.cpp; name = "juce_Timer.cpp"; path = "../../../juce/modules/juce_events/timers/juce_Timer.cpp"; sourceTree = "SOURCE_ROOT"; };
		17166FD774F50637B2EDF185 = { isa = PBXFileReference; lastKnownFileType = sourcecode.c.h; name = "juce_XmlDocument.h"; path = "../../../juce/modules/juce_core/xml/juce_XmlDocument.h"; sourceTree = "SOURCE_ROOT"; };
		18719C9C1E29DA7DD2E4872E = { isa = PBXFileReference; lastKnownFileType = sourcecode.cpp.cpp; name = "juce_Thread.cpp"; path = "../../../juce/modules/juce_core/threads/juce_Thread.cpp"; sourceTree = "SOURCE_ROOT"; };
		187FF34265BDD7AACFA578A2 = { isa = PBXFileReference; lastKnownFileType = sourcecode.c.h; name = "juce_ReferenceCountedObject.h"; path = "../../../juce/modules/juce_core/memory/juce_ReferenceCountedObject.h"; sourceTree = "SOURCE_ROOT"; };
		1BFD695E78D87F4442E89BEA = { isa = PBXFileReference; lastKnownFileType = sourcecode.c.h; name = "juce_File.h"; path = "../../../juce/modules/juce_core/files/juce_File.h"; sourceTree = "SOURCE_ROOT"; };
		1CD54AC82E554312C63B6FF0 = { isa = PBXFileReference; lastKnownFileType = sourcecode.c.h; name = "juce_StringArray.h"; path = "../../../juce/modules/juce_core/text/juce_StringArray.h"; sourceTree = "SOURCE_ROOT"; };
		1D4C782DC7312C9C9451D8D2 = { isa = PBXFileReference; lastKnownFileType = sourcecode.cpp.objcpp; name = "juce_ios_MessageManager.mm"; path = "../../../juce/modules/juce_events/native/juce_ios_MessageManager.mm"; sourceTree = "SOURCE_ROOT"; };
		1D5E39768A22459F7C49176E = { isa = PBXFileReference; lastKnownFileType = sourcecode.c.h; name = "juce_ChildProcess.h"; path = "../../../juce/modules/juce_core/threads/juce_ChildProcess.h"; sourceTree = "SOURCE_ROOT"; };
		1F7FB44F30BADD50EA3CFB7A = { isa = PBXFileReference; lastKnownFileType = sourcecode.c.h; name = "juce_Singleton.h"; path = "../../../juce/modules/juce_core/memory/juce_Singleton.h"; sourceTree = "SOURCE_ROOT"; };
		202D15289B4563AD58172A25 = { isa = PBXFileReference; lastKnownFileType = sourcecode.c.h; name = "juce_ChangeListener.h"; path = "../../../juce/modules/juce_events/broadcasters/juce_ChangeListener.h"; sourceTree = "SOURCE_ROOT"; };
		20750FADA59AF3796E1A5DA4 = { isa = PBXFileReference; lastKnownFileType = sourcecode.c.h; name = "juce_SortedSet.h"; path = "../../../juce/modules/juce_core/containers/juce_SortedSet.h"; sourceTree = "SOURCE_ROOT"; };
		21531F057F5A2F9785B833F0 = { isa = PBXFileReference; lastKnownFileType = sourcecode.c.h; name = "juce_FileLogger.h"; path = "../../../juce/modules/juce_core/logging/juce_FileLogger.h"; sourceTree = "SOURCE_ROOT"; };
		2407C676FE0CB0D75A118105 = { isa = PBXFileReference; lastKnownFileType = sourcecode.cpp.cpp; name = "juce_File.cpp"; path = "../../../juce/modules/juce_core/files/juce_File.cpp"; sourceTree = "SOURCE_ROOT"; };
		253AD9E6BCF45FEE360C4E9D = { isa = PBXFileReference; lastKnownFileType = sourcecode.cpp.cpp; name = "juce_Identifier.cpp"; path = "../../../juce/modules/juce_core/text/juce_Identifier.cpp"; sourceTree = "SOURCE_ROOT"; };
		256569A158333B4959C2F44B = { isa = PBXFileReference; lastKnownFileType = sourcecode.c.h; name = "juce_DynamicLibrary.h"; path = "../../../juce/modules/juce_core/threads/juce_DynamicLibrary.h"; sourceTree = "SOURCE_ROOT"; };
		26D09ACD700C36D13FFFB6A1 = { isa = PBXFileReference; lastKnownFileType = sourcecode.c.h; name = "juce_Range.h"; path = "../../../juce/modules/juce_core/maths/juce_Range.h"; sourceTree = "SOURCE_ROOT"; };
		273E6FBC21995C7C88A5F1F2 = { isa = PBXFileReference; lastKnownFileType = sourcecode.c.h; name = "juce_OwnedArray.h"; path = "../../../juce/modules/juce_core/containers/juce_OwnedArray.h"; sourceTree = "SOURCE_ROOT"; };
		2741B23DC27CACC624501F80 = { isa = PBXFileReference; lastKnownFileType = sourcecode.c.h; name = "juce_UndoableAction.h"; path = "../../../juce/modules/juce_data_structures/undomanager/juce_UndoableAction.h"; sourceTree = "SOURCE_ROOT"; };
		279050AB59F14D59304B7B66 = { isa = PBXFileReference; lastKnownFileType = sourcecode.c.h; name = "juce_Timer.h"; path = "../../../juce/modules/juce_events/timers/juce_Timer.h"; sourceTree = "SOURCE_ROOT"; };
		2A2859ABABFD4C1CBCBDD933 = { isa = PBXFileReference; lastKnownFileType = sourcecode.cpp.cpp; name = "juce_linux_Messaging.cpp"; path = "../../../juce/modules/juce_events/native/juce_linux_Messaging.cpp"; sourceTree = "SOURCE_ROOT"; };
		2A45AF0BF244A999AC067411 = { isa = PBXFileReference; lastKnownFileType = sourcecode.c.h; name = "juce_ListenerList.h"; path = "../../../juce/modules/juce_events/broadcasters/juce_ListenerList.h"; sourceTree = "SOURCE_ROOT"; };
		2A8050581B23AE00D403D45B = { isa = PBXFileReference; lastKnownFileType = sourcecode.c.h; name = "juce_Memory.h"; path = "../../../juce/modules/juce_core/memory/juce_Memory.h"; sourceTree = "SOURCE_ROOT"; };
		2CCDD3CFCDB539FBE0299551 = { isa = PBXFileReference; lastKnownFileType = sourcecode.c.h; name = "juce_ThreadLocalValue.h"; path = "../../../juce/modules/juce_core/threads/juce_ThreadLocalValue.h"; sourceTree = "SOURCE_ROOT"; };
		2D47AF9CE2DCA40F7DD21294 = { isa = PBXFileReference; lastKnownFileType = sourcecode.c.h; name = "juce_ScopedWriteLock.h"; path = "../../../juce/modules/juce_core/threads/juce_ScopedWriteLock.h"; sourceTree = "SOURCE_ROOT"; };
		2D73738205E6D62FCDFE8EE6 = { isa = PBXFileReference; lastKnownFileType = sourcecode.c.h; name = "juce_Variant.h"; path = "../../../juce/modules/juce_core/containers/juce_Variant.h"; sourceTree = "SOURCE_ROOT"; };
		2FAE190C59E9CE8EDEE14DEB = { isa = PBXFileReference; lastKnownFileType = sourcecode.cpp.cpp; name = "juce_XmlDocument.cpp"; path = "../../../juce/modules/juce_core/xml/juce_XmlDocument.cpp"; sourceTree = "SOURCE_ROOT"; };
		2FF34C41F5D6EC44C0CE6030 = { isa = PBXFileReference; lastKnownFileType = sourcecode.c.h; name = "juce_Process.h"; path = "../../../juce/modules/juce_core/threads/juce_Process.h"; sourceTree = "SOURCE_ROOT"; };
		301FF7B27BE8A15B9DC93410 = { isa = PBXFileReference; lastKnownFileType = sourcecode.cpp.cpp; name = "juce_Variant.cpp"; path = "../../../juce/modules/juce_core/containers/juce_Variant.cpp"; sourceTree = "SOURCE_ROOT"; };
		30FFA2B61FF3D284788351E3 = { isa = PBXFileReference; lastKnownFileType = sourcecode.cpp.cpp; name = "juce_TimeSliceThread.cpp"; path = "../../../juce/modules/juce_core/threads/juce_TimeSliceThread.cpp"; sourceTree = "SOURCE_ROOT"; };
		31FCC079D352BBF713F7D349 = { isa = PBXFileReference; lastKnownFileType = sourcecode.cpp.cpp; name = "juce_BufferedInputStream.cpp"; path = "../../../juce/modules/juce_core/streams/juce_BufferedInputStream.cpp"; sourceTree = "SOURCE_ROOT"; };
		327743C222F6273992A048B7 = { isa = PBXFileReference; lastKnownFileType = sourcecode.c.h; name = "juce_LinkedListPointer.h"; path = "../../../juce/modules/juce_core/containers/juce_LinkedListPointer.h"; sourceTree = "SOURCE_ROOT"; };
		33F1C9F4EB75DB86C56FA00C = { isa = PBXFileReference; lastKnownFileType = sourcecode.cpp.cpp; name = "juce_OutputStream.cpp"; path = "../../../juce/modules/juce_core/streams/juce_OutputStream.cpp"; sourceTree = "SOURCE_ROOT"; };
		352DDE0A36991B9070E4CE84 = { isa = PBXFileReference; lastKnownFileType = sourcecode.c.h; name = "juce_LeakedObjectDetector.h"; path = "../../../juce/modules/juce_core/memory/juce_LeakedObjectDetector.h"; sourceTree = "SOURCE_ROOT"; };
		353882CE670387C2E39A9CA4 = { isa = PBXFileReference; lastKnownFileType = sourcecode.c.h; name = "juce_Value.h"; path = "../../../juce/modules/juce_data_structures/values/juce_Value.h"; sourceTree = "SOURCE_ROOT"; };
		36922C7F2BF43C75433A38B1 = { isa = PBXFileReference; lastKnownFileType = sourcecode.cpp.cpp; name = "juce_ReadWriteLock.cpp"; path = "../../../juce/modules/juce_core/threads/juce_ReadWriteLock.cpp"; sourceTree = "SOURCE_ROOT"; };
		36B5DDCB82FAB055D94DB42B = { isa = PBXFileReference; lastKnownFileType = sourcecode.c.h; name = "juce_ReferenceCountedArray.h"; path = "../../../juce/modules/juce_core/containers/juce_ReferenceCountedArray.h"; sourceTree = "SOURCE_ROOT"; };
		37CF2FD68852F98A4FE46D7B = { isa = PBXFileReference; lastKnownFileType = sourcecode.c.h; name = "juce_osx_ObjCHelpers.h"; path = "../../../juce/modules/juce_core/native/juce_osx_ObjCHelpers.h"; sourceTree = "SOURCE_ROOT"; };
		38B29F674133DB5F461A18AB = { isa = PBXFileReference; lastKnownFileType = sourcecode.c.h; name = "juce_win32_ComSmartPtr.h"; path = "../../../juce/modules/juce_core/native/juce_win32_ComSmartPtr.h"; sourceTree = "SOURCE_ROOT"; };
		39F4857DEE469B92FC76E6F7 = { isa = PBXFileReference; lastKnownFileType = sourcecode.cpp.cpp; name = "juce_NamedValueSet.cpp"; path = "../../../juce/modules/juce_core/containers/juce_NamedValueSet.cpp"; sourceTree = "SOURCE_ROOT"; };
		3AA5169E54E9327BBB11C4B2 = { isa = PBXFileReference; lastKnownFileType = sourcecode.c.h; name = "juce_AsyncUpdater.h"; path = "../../../juce/modules/juce_events/broadcasters/juce_AsyncUpdater.h"; sourceTree = "SOURCE_ROOT"; };
		3B3304D3D6D1C445ABE2FB19 = { isa = PBXFileReference; lastKnownFileType = sourcecode.c.h; name = "juce_String.h"; path = "../../../juce/modules/juce_core/text/juce_String.h"; sourceTree = "SOURCE_ROOT"; };
		3D3156BA55BF1E871828F727 = { isa = PBXFileReference; lastKnownFileType = sourcecode.cpp.cpp; name = "juce_Expression.cpp"; path = "../../../juce/modules/juce_core/maths/juce_Expression.cpp"; sourceTree = "SOURCE_ROOT"; };
		3FA2503550275648167E3223 = { isa = PBXFileReference; lastKnownFileType = sourcecode.cpp.cpp; name = "juce_MemoryInputStream.cpp"; path = "../../../juce/modules/juce_core/streams/juce_MemoryInputStream.cpp"; sourceTree = "SOURCE_ROOT"; };
		40EE1E39C94949E9801395DF = { isa = PBXFileReference; lastKnownFileType = sourcecode.c.h; name = "juce_SpinLock.h"; path = "../../../juce/modules/juce_core/threads/juce_SpinLock.h"; sourceTree = "SOURCE_ROOT"; };
		411F0A2B12AD9FEA9BD944A3 = { isa = PBXFileReference; lastKnownFileType = sourcecode.c.h; name = "juce_WaitableEvent.h"; path = "../../../juce/modules/juce_core/threads/juce_WaitableEvent.h"; sourceTree = "SOURCE_ROOT"; };
		41653BBB98395E2419E738AA = { isa = PBXFileReference; lastKnownFileType = sourcecode.c.h; name = "juce_ByteOrder.h"; path = "../../../juce/modules/juce_core/memory/juce_ByteOrder.h"; sourceTree = "SOURCE_ROOT"; };
		42CFF72802FFD5DFC452B05B = { isa = PBXFileReference; lastKnownFileType = sourcecode.cpp.cpp; name = "juce_Time.cpp"; path = "../../../juce/modules/juce_core/time/juce_Time.cpp"; sourceTree = "SOURCE_ROOT"; };
		433255FD8B0CCDC826471506 = { isa = PBXFileReference; lastKnownFileType = sourcecode.c.h; name = "juce_data_structures.h"; path = "../../../juce/modules/juce_data_structures/juce_data_structures.h"; sourceTree = "SOURCE_ROOT"; };
		4490386077127D5CA5BF9F8F = { isa = PBXFileReference; lastKnownFileType = sourcecode.cpp.cpp; name = "juce_MultiTimer.cpp"; path = "../../../juce/modules/juce_events/timers/juce_MultiTimer.cpp"; sourceTree = "SOURCE_ROOT"; };
		44F543C9701B0015271CBFC7 = { isa = PBXFileReference; lastKnownFileType = sourcecode.cpp.cpp; name = "juce_win32_SystemStats.cpp"; path = "../../../juce/modules/juce_core/native/juce_win32_SystemStats.cpp"; sourceTree = "SOURCE_ROOT"; };
		4568C2BBF9BFFC270B7B7CBE = { isa = PBXFileReference; lastKnownFileType = sourcecode.cpp.cpp; name = "juce_NamedPipe.cpp"; path = "../../../juce/modules/juce_core/network/juce_NamedPipe.cpp"; sourceTree = "SOURCE_ROOT"; };
		45BADAE00D3279C75E16D1E9 = { isa = PBXFileReference; lastKnownFileType = sourcecode.c.h; name = "juce_Atomic.h"; path = "../../../juce/modules/juce_core/memory/juce_Atomic.h"; sourceTree = "SOURCE_ROOT"; };
		4603420C02E0941055249475 = { isa = PBXFileReference; lastKnownFileType = sourcecode.c.h; name = "juce_android_JNIHelpers.h"; path = "../../../juce/modules/juce_core/native/juce_android_JNIHelpers.h"; sourceTree = "SOURCE_ROOT"; };
		487E9AF609258C5681433E80 = { isa = PBXFileReference; lastKnownFileType = sourcecode.cpp.cpp; name = "juce_AbstractFifo.cpp"; path = "../../../juce/modules/juce_core/containers/juce_AbstractFifo.cpp"; sourceTree = "SOURCE_ROOT"; };
		4A6FEC2DDF3A0933E4406A40 = { isa = PBXFileReference; lastKnownFileType = sourcecode.c.h; name = "juce_ChangeBroadcaster.h"; path = "../../../juce/modules/juce_events/broadcasters/juce_ChangeBroadcaster.h"; sourceTree = "SOURCE_ROOT"; };
		4AE601B256A4DE54A5E258B9 = { isa = PBXFileReference; lastKnownFileType = sourcecode.c.h; name = "juce_ScopedXLock.h"; path = "../../../juce/modules/juce_events/native/juce_ScopedXLock.h"; sourceTree = "SOURCE_ROOT"; };
		4B8FB60B640E443DD3F37853 = { isa = PBXFileReference; lastKnownFileType = sourcecode.cpp.objcpp; name = "juce_events.mm"; path = "../../../juce/modules/juce_events/juce_events.mm"; sourceTree = "SOURCE_ROOT"; };
		4D477E77930CAD1FBCEE16C4 = { isa = PBXFileReference; lastKnownFileType = sourcecode.cpp.cpp; name = "juce_android_Threads.cpp"; path = "../../../juce/modules/juce_core/native/juce_android_Threads.cpp"; sourceTree = "SOURCE_ROOT"; };
		502D30E785F981C52C779736 = { isa = PBXFileReference; lastKnownFileType = sourcecode.c.h; name = "juce_ScopedPointer.h"; path = "../../../juce/modules/juce_core/memory/juce_ScopedPointer.h"; sourceTree = "SOURCE_ROOT"; };
		513CC2E4C68D039530EFA9CF = { isa = PBXFileReference; lastKnownFileType = sourcecode.cpp.cpp; name = "juce_DeletedAtShutdown.cpp"; path = "../../../juce/modules/juce_events/messages/juce_DeletedAtShutdown.cpp"; sourceTree = "SOURCE_ROOT"; };
		526C5D4609369E8DD9B2E871 = { isa = PBXFileReference; lastKnownFileType = sourcecode.c.h; name = "juce_MemoryInputStream.h"; path = "../../../juce/modules/juce_core/streams/juce_MemoryInputStream.h"; sourceTree = "SOURCE_ROOT"; };
		54213FE2A3CCC6CDC9578F9E = { isa = PBXFileReference; lastKnownFileType = sourcecode.c.h; name = "juce_MemoryOutputStream.h"; path = "../../../juce/modules/juce_core/streams/juce_MemoryOutputStream.h"; sourceTree = "SOURCE_ROOT"; };
		55DB8E3D7CF4AA7B9F7D6BFF = { isa = PBXFileReference; lastKnownFileType = sourcecode.cpp.cpp; name = "juce_FileInputSource.cpp"; path = "../../../juce/modules/juce_core/streams/juce_FileInputSource.cpp"; sourceTree = "SOURCE_ROOT"; };
		56A6FDBD15E2457A487747C3 = { isa = PBXFileReference; lastKnownFileType = sourcecode.cpp.cpp; name = "juce_SubregionStream.cpp"; path = "../../../juce/modules/juce_core/streams/juce_SubregionStream.cpp"; sourceTree = "SOURCE_ROOT"; };
		56D12C3AAA9EB00075BC5822 = { isa = PBXFileReference; lastKnownFileType = sourcecode.cpp.cpp; name = "juce_StringPool.cpp"; path = "../../../juce/modules/juce_core/text/juce_StringPool.cpp"; sourceTree = "SOURCE_ROOT"; };
		571729D431681A2541AD28C3 = { isa = PBXFileReference; lastKnownFileType = sourcecode.c.h; name = "juce_Uuid.h"; path = "../../../juce/modules/juce_core/misc/juce_Uuid.h"; sourceTree = "SOURCE_ROOT"; };
		576EC5945D17C37511A73714 = { isa = PBXFileReference; lastKnownFileType = wrapper.framework; name = Cocoa.framework; path = System/Library/Frameworks/Cocoa.framework; sourceTree = SDKROOT; };
		58733D1C7E87DE26628A0C20 = { isa = PBXFileReference; lastKnownFileType = sourcecode.cpp.cpp; name = "juce_TemporaryFile.cpp"; path = "../../../juce/modules/juce_core/files/juce_TemporaryFile.cpp"; sourceTree = "SOURCE_ROOT"; };
		5AFDC54E20AB90419460A16D = { isa = PBXFileReference; lastKnownFileType = sourcecode.c.h; name = "juce_CharPointer_UTF8.h"; path = "../../../juce/modules/juce_core/text/juce_CharPointer_UTF8.h"; sourceTree = "SOURCE_ROOT"; };
		5E400F9209C92288061BF0A5 = { isa = PBXFileReference; lastKnownFileType = wrapper.framework; name = IOKit.framework; path = System/Library/Frameworks/IOKit.framework; sourceTree = SDKROOT; };
		52C17205903DB7F4E5013D5C = { isa = PBXFileReference; explicitFileType = "compiled.mach-o.executable"; includeInIndex = 0; path = "Synth-A-Modeler"; sourceTree = "BUILT_PRODUCTS_DIR"; };
		592DBE8AEA755C0A07D313CA = { isa = PBXFileReference; lastKnownFileType = sourcecode.cpp.cpp; name = "juce_FileSearchPath.cpp"; path = "../../../juce/modules/juce_core/files/juce_FileSearchPath.cpp"; sourceTree = "SOURCE_ROOT"; };
		5997258801CDCB76F3DF0587 = { isa = PBXFileReference; lastKnownFileType = sourcecode.c.h; name = "juce_TemporaryFile.h"; path = "../../../juce/modules/juce_core/files/juce_TemporaryFile.h"; sourceTree = "SOURCE_ROOT"; };
		5B056CF4AB7E62EB226A7D57 = { isa = PBXFileReference; lastKnownFileType = sourcecode.cpp.cpp; name = "juce_BigInteger.cpp"; path = "../../../juce/modules/juce_core/maths/juce_BigInteger.cpp"; sourceTree = "SOURCE_ROOT"; };
		6128310CD6E6EA7CA1CDD784 = { isa = PBXFileReference; lastKnownFileType = sourcecode.c.h; name = "juce_Message.h"; path = "../../../juce/modules/juce_events/messages/juce_Message.h"; sourceTree = "SOURCE_ROOT"; };
		61656BC6FB44C834632E339B = { isa = PBXFileReference; lastKnownFileType = sourcecode.cpp.cpp; name = "juce_android_SystemStats.cpp"; path = "../../../juce/modules/juce_core/native/juce_android_SystemStats.cpp"; sourceTree = "SOURCE_ROOT"; };
		62068FC70A81DD4292FCF609 = { isa = PBXFileReference; lastKnownFileType = sourcecode.cpp.cpp; name = "juce_TextDiff.cpp"; path = "../../../juce/modules/juce_core/text/juce_TextDiff.cpp"; sourceTree = "SOURCE_ROOT"; };
		62FAFCB8F95977942CBA7C71 = { isa = PBXFileReference; lastKnownFileType = sourcecode.cpp.cpp; name = "juce_ApplicationProperties.cpp"; path = "../../../juce/modules/juce_data_structures/app_properties/juce_ApplicationProperties.cpp"; sourceTree = "SOURCE_ROOT"; };
		63668BE3F56D39DA8A123A04 = { isa = PBXFileReference; lastKnownFileType = sourcecode.cpp.cpp; name = "juce_win32_Threads.cpp"; path = "../../../juce/modules/juce_core/native/juce_win32_Threads.cpp"; sourceTree = "SOURCE_ROOT"; };
		6398AFC115B0B4FA9A789E5F = { isa = PBXFileReference; lastKnownFileType = sourcecode.c.h; name = "juce_DynamicObject.h"; path = "../../../juce/modules/juce_core/containers/juce_DynamicObject.h"; sourceTree = "SOURCE_ROOT"; };
		63C949DA3ED7F5AC89233CE4 = { isa = PBXFileReference; lastKnownFileType = sourcecode.c.h; name = "juce_win32_HiddenMessageWindow.h"; path = "../../../juce/modules/juce_events/native/juce_win32_HiddenMessageWindow.h"; sourceTree = "SOURCE_ROOT"; };
		63FF18D0738C864875275BEC = { isa = PBXFileReference; lastKnownFileType = sourcecode.c.h; name = "juce_BigInteger.h"; path = "../../../juce/modules/juce_core/maths/juce_BigInteger.h"; sourceTree = "SOURCE_ROOT"; };
		6428230BEA8614F97B9516C1 = { isa = PBXFileReference; lastKnownFileType = sourcecode.c.h; name = JuceHeader.h; path = ../../JuceLibraryCode/JuceHeader.h; sourceTree = "SOURCE_ROOT"; };
		64991D982549D85AF776892E = { isa = PBXFileReference; lastKnownFileType = sourcecode.cpp.cpp; name = "juce_MessageManager.cpp"; path = "../../../juce/modules/juce_events/messages/juce_MessageManager.cpp"; sourceTree = "SOURCE_ROOT"; };
		67AA8F2460EAB653222EC913 = { isa = PBXFileReference; lastKnownFileType = sourcecode.c.h; name = "juce_StringPairArray.h"; path = "../../../juce/modules/juce_core/text/juce_StringPairArray.h"; sourceTree = "SOURCE_ROOT"; };
		68F8251F84364F59F739747C = { isa = PBXFileReference; lastKnownFileType = sourcecode.cpp.cpp; name = "juce_ThreadPool.cpp"; path = "../../../juce/modules/juce_core/threads/juce_ThreadPool.cpp"; sourceTree = "SOURCE_ROOT"; };
		6AF0424D98F926941D080526 = { isa = PBXFileReference; lastKnownFileType = sourcecode.c.h; name = "juce_core.h"; path = "../../../juce/modules/juce_core/juce_core.h"; sourceTree = "SOURCE_ROOT"; };
		6E58ADE28FEB5C79C789B541 = { isa = PBXFileReference; lastKnownFileType = sourcecode.c.h; name = "juce_SystemStats.h"; path = "../../../juce/modules/juce_core/system/juce_SystemStats.h"; sourceTree = "SOURCE_ROOT"; };
		71350F3778B4EDC08697B67C = { isa = PBXFileReference; lastKnownFileType = sourcecode.c.h; name = "juce_TargetPlatform.h"; path = "../../../juce/modules/juce_core/system/juce_TargetPlatform.h"; sourceTree = "SOURCE_ROOT"; };
		718DECEC273C1CEC332616D4 = { isa = PBXFileReference; lastKnownFileType = sourcecode.cpp.cpp; name = "juce_Uuid.cpp"; path = "../../../juce/modules/juce_core/misc/juce_Uuid.cpp"; sourceTree = "SOURCE_ROOT"; };
		71CCCF0584192DA411B01E96 = { isa = PBXFileReference; lastKnownFileType = sourcecode.c.h; name = "juce_GZIPCompressorOutputStream.h"; path = "../../../juce/modules/juce_core/zip/juce_GZIPCompressorOutputStream.h"; sourceTree = "SOURCE_ROOT"; };
		71DD06A4857429DCF25622C3 = { isa = PBXFileReference; lastKnownFileType = sourcecode.cpp.cpp; name = "juce_posix_NamedPipe.cpp"; path = "../../../juce/modules/juce_core/native/juce_posix_NamedPipe.cpp"; sourceTree = "SOURCE_ROOT"; };
		7330044C26D584B8D1A9C1DC = { isa = PBXFileReference; lastKnownFileType = sourcecode.cpp.cpp; name = "juce_JSON.cpp"; path = "../../../juce/modules/juce_core/json/juce_JSON.cpp"; sourceTree = "SOURCE_ROOT"; };
		73D2A33AFCED273E13EDAA8E = { isa = PBXFileReference; lastKnownFileType = sourcecode.c.h; name = "juce_ActionListener.h"; path = "../../../juce/modules/juce_events/broadcasters/juce_ActionListener.h"; sourceTree = "SOURCE_ROOT"; };
		740E9C93DB039879A1873B2B = { isa = PBXFileReference; lastKnownFileType = sourcecode.c.h; name = "juce_MultiTimer.h"; path = "../../../juce/modules/juce_events/timers/juce_MultiTimer.h"; sourceTree = "SOURCE_ROOT"; };
		763386445BE047B2D10C5291 = { isa = PBXFileReference; lastKnownFileType = sourcecode.c.h; name = "juce_StringPool.h"; path = "../../../juce/modules/juce_core/text/juce_StringPool.h"; sourceTree = "SOURCE_ROOT"; };
		768D26760C9FCB36348F0317 = { isa = PBXFileReference; lastKnownFileType = sourcecode.cpp.cpp; name = "juce_GZIPCompressorOutputStream.cpp"; path = "../../../juce/modules/juce_core/zip/juce_GZIPCompressorOutputStream.cpp"; sourceTree = "SOURCE_ROOT"; };
		77F5261DEC547E005CA5FE54 = { isa = PBXFileReference; lastKnownFileType = sourcecode.c.h; name = "juce_InputStream.h"; path = "../../../juce/modules/juce_core/streams/juce_InputStream.h"; sourceTree = "SOURCE_ROOT"; };
		790F1EEFD59DE87D5F1DC868 = { isa = PBXFileReference; lastKnownFileType = sourcecode.cpp.cpp; name = "juce_linux_Network.cpp"; path = "../../../juce/modules/juce_core/native/juce_linux_Network.cpp"; sourceTree = "SOURCE_ROOT"; };
		794F14B4076C95CEDCADF533 = { isa = PBXFileReference; lastKnownFileType = sourcecode.c.h; name = "juce_Random.h"; path = "../../../juce/modules/juce_core/maths/juce_Random.h"; sourceTree = "SOURCE_ROOT"; };
		7AD8F5438AAD368E5864BCBB = { isa = PBXFileReference; lastKnownFileType = sourcecode.cpp.cpp; name = "juce_MessageListener.cpp"; path = "../../../juce/modules/juce_events/messages/juce_MessageListener.cpp"; sourceTree = "SOURCE_ROOT"; };
		7CAF48ED3CA136038372B92B = { isa = PBXFileReference; lastKnownFileType = sourcecode.cpp.cpp; name = "juce_FileInputStream.cpp"; path = "../../../juce/modules/juce_core/files/juce_FileInputStream.cpp"; sourceTree = "SOURCE_ROOT"; };
		7D62A5B584B5E2D6FB6088A6 = { isa = PBXFileReference; lastKnownFileType = sourcecode.c.h; name = "juce_OutputStream.h"; path = "../../../juce/modules/juce_core/streams/juce_OutputStream.h"; sourceTree = "SOURCE_ROOT"; };
		7EB2AD0FB3EC7F2B12192184 = { isa = PBXFileReference; lastKnownFileType = sourcecode.c.h; name = "juce_ArrayAllocationBase.h"; path = "../../../juce/modules/juce_core/containers/juce_ArrayAllocationBase.h"; sourceTree = "SOURCE_ROOT"; };
		7EEC8C641F949D4430EAE0C3 = { isa = PBXFileReference; lastKnownFileType = sourcecode.cpp.cpp; name = "juce_UnitTest.cpp"; path = "../../../juce/modules/juce_core/unit_tests/juce_UnitTest.cpp"; sourceTree = "SOURCE_ROOT"; };
		83BA5D21FB9C1E59F3FAED3B = { isa = PBXFileReference; lastKnownFileType = sourcecode.cpp.objcpp; name = "juce_data_structures.mm"; path = "../../../juce/modules/juce_data_structures/juce_data_structures.mm"; sourceTree = "SOURCE_ROOT"; };
		85036DE3888B718E73AB0449 = { isa = PBXFileReference; lastKnownFileType = sourcecode.c.h; name = "juce_MessageManager.h"; path = "../../../juce/modules/juce_events/messages/juce_MessageManager.h"; sourceTree = "SOURCE_ROOT"; };
		86F4C05261CDD68BABFDA538 = { isa = PBXFileReference; lastKnownFileType = sourcecode.c.h; name = "juce_WeakReference.h"; path = "../../../juce/modules/juce_core/memory/juce_WeakReference.h"; sourceTree = "SOURCE_ROOT"; };
		89730578DBBC6886948D1637 = { isa = PBXFileReference; lastKnownFileType = sourcecode.c.h; name = "juce_ReadWriteLock.h"; path = "../../../juce/modules/juce_core/threads/juce_ReadWriteLock.h"; sourceTree = "SOURCE_ROOT"; };
		89D3DDBA80888E9F83DE3BFA = { isa = PBXFileReference; lastKnownFileType = sourcecode.c.h; name = "juce_FileSearchPath.h"; path = "../../../juce/modules/juce_core/files/juce_FileSearchPath.h"; sourceTree = "SOURCE_ROOT"; };
		8C81E02AAB9B14BF8F40003C = { isa = PBXFileReference; lastKnownFileType = sourcecode.c.h; name = "juce_XmlElement.h"; path = "../../../juce/modules/juce_core/xml/juce_XmlElement.h"; sourceTree = "SOURCE_ROOT"; };
		8E1A4142A52E423094F4BB7C = { isa = PBXFileReference; lastKnownFileType = file; name = "juce_module_info"; path = "../../../juce/modules/juce_events/juce_module_info"; sourceTree = "SOURCE_ROOT"; };
		8FB836B4A6F836570CA157AF = { isa = PBXFileReference; lastKnownFileType = sourcecode.c.h; name = "juce_FileInputStream.h"; path = "../../../juce/modules/juce_core/files/juce_FileInputStream.h"; sourceTree = "SOURCE_ROOT"; };
		902D64E7630FCFC9B36FAFFA = { isa = PBXFileReference; lastKnownFileType = sourcecode.c.h; name = "juce_Time.h"; path = "../../../juce/modules/juce_core/time/juce_Time.h"; sourceTree = "SOURCE_ROOT"; };
		905B197131B1A53D06E2E88F = { isa = PBXFileReference; lastKnownFileType = sourcecode.c.h; name = "juce_events.h"; path = "../../../juce/modules/juce_events/juce_events.h"; sourceTree = "SOURCE_ROOT"; };
		92E8674E5E0F1E7FFF6A9881 = { isa = PBXFileReference; lastKnownFileType = sourcecode.c.h; name = "juce_Thread.h"; path = "../../../juce/modules/juce_core/threads/juce_Thread.h"; sourceTree = "SOURCE_ROOT"; };
		9344C1F3AD4AD41B29618E0F = { isa = PBXFileReference; lastKnownFileType = sourcecode.c.h; name = "juce_JSON.h"; path = "../../../juce/modules/juce_core/json/juce_JSON.h"; sourceTree = "SOURCE_ROOT"; };
		947338FFE44A06DF1F658AE1 = { isa = PBXFileReference; lastKnownFileType = sourcecode.c.h; name = "juce_SubregionStream.h"; path = "../../../juce/modules/juce_core/streams/juce_SubregionStream.h"; sourceTree = "SOURCE_ROOT"; };
		94972B4C4C5AC928F2466D72 = { isa = PBXFileReference; lastKnownFileType = sourcecode.cpp.cpp; name = "juce_URL.cpp"; path = "../../../juce/modules/juce_core/network/juce_URL.cpp"; sourceTree = "SOURCE_ROOT"; };
		94C3C65D777471EA7BE9621B = { isa = PBXFileReference; lastKnownFileType = sourcecode.c.h; name = "juce_HashMap.h"; path = "../../../juce/modules/juce_core/containers/juce_HashMap.h"; sourceTree = "SOURCE_ROOT"; };
		95296FBB9A33F421516C7395 = { isa = PBXFileReference; lastKnownFileType = sourcecode.c.h; name = "juce_SparseSet.h"; path = "../../../juce/modules/juce_core/containers/juce_SparseSet.h"; sourceTree = "SOURCE_ROOT"; };
		975F288DEBF5E117FE917FA3 = { isa = PBXFileReference; lastKnownFileType = sourcecode.c.h; name = "juce_UndoManager.h"; path = "../../../juce/modules/juce_data_structures/undomanager/juce_UndoManager.h"; sourceTree = "SOURCE_ROOT"; };
		97CEE246B01DD0AB93CEFAC3 = { isa = PBXFileReference; lastKnownFileType = sourcecode.c.h; name = "juce_MemoryMappedFile.h"; path = "../../../juce/modules/juce_core/files/juce_MemoryMappedFile.h"; sourceTree = "SOURCE_ROOT"; };
		9B254D8684622A0C75BAA909 = { isa = PBXFileReference; lastKnownFileType = sourcecode.c.h; name = "juce_Identifier.h"; path = "../../../juce/modules/juce_core/text/juce_Identifier.h"; sourceTree = "SOURCE_ROOT"; };
		9F613A7EBD33F8E46C77F1FE = { isa = PBXFileReference; lastKnownFileType = sourcecode.cpp.cpp; name = "juce_RelativeTime.cpp"; path = "../../../juce/modules/juce_core/time/juce_RelativeTime.cpp"; sourceTree = "SOURCE_ROOT"; };
		A0AB4BE3314BCEB63AF285B8 = { isa = PBXFileReference; lastKnownFileType = sourcecode.cpp.cpp; name = "juce_win32_Messaging.cpp"; path = "../../../juce/modules/juce_events/native/juce_win32_Messaging.cpp"; sourceTree = "SOURCE_ROOT"; };
		A16FEFD781068850996936FC = { isa = PBXFileReference; lastKnownFileType = sourcecode.c.h; name = "juce_ScopedLock.h"; path = "../../../juce/modules/juce_core/threads/juce_ScopedLock.h"; sourceTree = "SOURCE_ROOT"; };
		A16FF43F0A89DD8D359C4BF6 = { isa = PBXFileReference; lastKnownFileType = sourcecode.cpp.cpp; name = SAMCompiler.cpp; path = ../../../gui/Source/Models/SAMCompiler.cpp; sourceTree = "SOURCE_ROOT"; };
		A3923BBF2CF7A3D30DB6F641 = { isa = PBXFileReference; lastKnownFileType = sourcecode.c.h; name = "juce_RelativeTime.h"; path = "../../../juce/modules/juce_core/time/juce_RelativeTime.h"; sourceTree = "SOURCE_ROOT"; };
		A3BD1D122AC5E42B9915CD90 = { isa = PBXFileReference; lastKnownFileType = sourcecode.c.h; name = "juce_ScopedReadLock.h"; path = "../../../juce/modules/juce_core/threads/juce_ScopedReadLock.h"; sourceTree = "SOURCE_ROOT"; };
		A492D03F25E18B8E4F78054C = { isa = PBXFileReference; lastKnownFileType = sourcecode.c.h; name = AppConfig.h; path = ../../JuceLibraryCode/AppConfig.h; sourceTree = "SOURCE_ROOT"; };
		A55CDE7C5D5023F6E66CF21A = { isa = PBXFileReference; lastKnownFileType = sourcecode.cpp.cpp; name = "juce_MemoryBlock.cpp"; path = "../../../juce/modules/juce_core/memory/juce_MemoryBlock.cpp"; sourceTree = "SOURCE_ROOT"; };
		A59E33A58E8B726BEBCA31B8 = { isa = PBXFileReference; lastKnownFileType = sourcecode.cpp.cpp; name = "juce_android_Network.cpp"; path = "../../../juce/modules/juce_core/native/juce_android_Network.cpp"; sourceTree = "SOURCE_ROOT"; };
		A65411C45DC498532666E12E = { isa = PBXFileReference; lastKnownFileType = sourcecode.cpp.cpp; name = "juce_PropertySet.cpp"; path = "../../../juce/modules/juce_core/containers/juce_PropertySet.cpp"; sourceTree = "SOURCE_ROOT"; };
		A6B92F1F699A951EC430D41B = { isa = PBXFileReference; lastKnownFileType = sourcecode.c.h; name = "juce_MACAddress.h"; path = "../../../juce/modules/juce_core/network/juce_MACAddress.h"; sourceTree = "SOURCE_ROOT"; };
		A75878AC211E872D132B7824 = { isa = PBXFileReference; lastKnownFileType = sourcecode.c.h; name = "juce_ApplicationBase.h"; path = "../../../juce/modules/juce_events/messages/juce_ApplicationBase.h"; sourceTree = "SOURCE_ROOT"; };
		A91017B8C4D58ED358656C81 = { isa = PBXFileReference; lastKnownFileType = sourcecode.c.h; name = "juce_InterprocessConnection.h"; path = "../../../juce/modules/juce_events/interprocess/juce_InterprocessConnection.h"; sourceTree = "SOURCE_ROOT"; };
		AA849DBDE73551468D92AEE7 = { isa = PBXFileReference; lastKnownFileType = sourcecode.c.h; name = "juce_Result.h"; path = "../../../juce/modules/juce_core/misc/juce_Result.h"; sourceTree = "SOURCE_ROOT"; };
		AC0FC1C0989C3B8B4FA174DD = { isa = PBXFileReference; lastKnownFileType = sourcecode.c.h; name = "juce_CallbackMessage.h"; path = "../../../juce/modules/juce_events/messages/juce_CallbackMessage.h"; sourceTree = "SOURCE_ROOT"; };
		ADE74F6B5F170C2C0A3F1C7F = { isa = PBXFileReference; lastKnownFileType = sourcecode.c.h; name = "juce_CharPointer_UTF32.h"; path = "../../../juce/modules/juce_core/text/juce_CharPointer_UTF32.h"; sourceTree = "SOURCE_ROOT"; };
		AF73AB0B1B9B4658DDA038F1 = { isa = PBXFileReference; lastKnownFileType = sourcecode.cpp.cpp; name = "juce_XmlElement.cpp"; path = "../../../juce/modules/juce_core/xml/juce_XmlElement.cpp"; sourceTree = "SOURCE_ROOT"; };
		AF8DCA38E8C0FE5B88832D42 = { isa = PBXFileReference; lastKnownFileType = sourcecode.cpp.cpp; name = "juce_SystemStats.cpp"; path = "../../../juce/modules/juce_core/system/juce_SystemStats.cpp"; sourceTree = "SOURCE_ROOT"; };
		B146901AC572A142C8679A74 = { isa = PBXFileReference; lastKnownFileType = sourcecode.c.h; name = "juce_InputSource.h"; path = "../../../juce/modules/juce_core/streams/juce_InputSource.h"; sourceTree = "SOURCE_ROOT"; };
		B1BEDBF76251C9D21B59F28A = { isa = PBXFileReference; lastKnownFileType = sourcecode.cpp.cpp; name = "juce_InterprocessConnection.cpp"; path = "../../../juce/modules/juce_events/interprocess/juce_InterprocessConnection.cpp"; sourceTree = "SOURCE_ROOT"; };
		B1EA064583D7549AC8C4178D = { isa = PBXFileReference; lastKnownFileType = sourcecode.cpp.cpp; name = "juce_FileLogger.cpp"; path = "../../../juce/modules/juce_core/logging/juce_FileLogger.cpp"; sourceTree = "SOURCE_ROOT"; };
		B20DABEFF4518CB52E36063F = { isa = PBXFileReference; lastKnownFileType = sourcecode.cpp.cpp; name = "juce_MemoryOutputStream.cpp"; path = "../../../juce/modules/juce_core/streams/juce_MemoryOutputStream.cpp"; sourceTree = "SOURCE_ROOT"; };
		B22D9B986A308134C99D132C = { isa = PBXFileReference; lastKnownFileType = sourcecode.c.h; name = "juce_osx_MessageQueue.h"; path = "../../../juce/modules/juce_events/native/juce_osx_MessageQueue.h"; sourceTree = "SOURCE_ROOT"; };
		B2376C0F66E568689EDAE060 = { isa = PBXFileReference; lastKnownFileType = sourcecode.c.h; name = "juce_CharPointer_UTF16.h"; path = "../../../juce/modules/juce_core/text/juce_CharPointer_UTF16.h"; sourceTree = "SOURCE_ROOT"; };
		B2C37731C52E88C75A1A4B3A = { isa = PBXFileReference; lastKnownFileType = sourcecode.cpp.cpp; name = "juce_linux_Files.cpp"; path = "../../../juce/modules/juce_core/native/juce_linux_Files.cpp"; sourceTree = "SOURCE_ROOT"; };
		B5394A84D906C48A6FD30D17 = { isa = PBXFileReference; lastKnownFileType = sourcecode.c.h; name = SAMCompiler.h; path = ../../../gui/Source/Models/SAMCompiler.h; sourceTree = "SOURCE_ROOT"; };
		B61838677C1FC803B1EC5620 = { isa = PBXFileReference; lastKnownFileType = sourcecode.c.h; name = "juce_posix_SharedCode.h"; path = "../../../juce/modules/juce_core/native/juce_posix_SharedCode.h"; sourceTree = "SOURCE_ROOT"; };
		B6DB305D6E391AEAC3BC5ECD = { isa = PBXFileReference; lastKnownFileType = sourcecode.c.h; name = "juce_Array.h"; path = "../../../juce/modules/juce_core/containers/juce_Array.h"; sourceTree = "SOURCE_ROOT"; };
		B6FEF6E8BC77EEAE26D36859 = { isa = PBXFileReference; lastKnownFileType = sourcecode.c.h; name = "juce_NamedPipe.h"; path = "../../../juce/modules/juce_core/network/juce_NamedPipe.h"; sourceTree = "SOURCE_ROOT"; };
		B946DADC179B392C2076558C = { isa = PBXFileReference; lastKnownFileType = file; name = "juce_module_info"; path = "../../../juce/modules/juce_data_structures/juce_module_info"; sourceTree = "SOURCE_ROOT"; };
		B97AB1D490BEC233B639D965 = { isa = PBXFileReference; lastKnownFileType = sourcecode.c.h; name = "juce_MemoryBlock.h"; path = "../../../juce/modules/juce_core/memory/juce_MemoryBlock.h"; sourceTree = "SOURCE_ROOT"; };
		BA3AEA67E331859099B320CF = { isa = PBXFileReference; lastKnownFileType = sourcecode.c.h; name = "juce_TextDiff.h"; path = "../../../juce/modules/juce_core/text/juce_TextDiff.h"; sourceTree = "SOURCE_ROOT"; };
		BAFB5D7A17E83CBD0C83FB6B = { isa = PBXFileReference; lastKnownFileType = sourcecode.cpp.cpp; name = "juce_Result.cpp"; path = "../../../juce/modules/juce_core/misc/juce_Result.cpp"; sourceTree = "SOURCE_ROOT"; };
		BB90271EF44A4EF15DFBCA71 = { isa = PBXFileReference; lastKnownFileType = sourcecode.c.h; name = "juce_PropertySet.h"; path = "../../../juce/modules/juce_core/containers/juce_PropertySet.h"; sourceTree = "SOURCE_ROOT"; };
		BCD7565C9FBCB085ACB6AF79 = { isa = PBXFileReference; lastKnownFileType = sourcecode.c.h; name = "juce_LocalisedStrings.h"; path = "../../../juce/modules/juce_core/text/juce_LocalisedStrings.h"; sourceTree = "SOURCE_ROOT"; };
		BDC6AE75B6D7F8086EE240BA = { isa = PBXFileReference; lastKnownFileType = sourcecode.c.h; name = "juce_FileOutputStream.h"; path = "../../../juce/modules/juce_core/files/juce_FileOutputStream.h"; sourceTree = "SOURCE_ROOT"; };
		BEB400768FD4538CE59AA6D4 = { isa = PBXFileReference; lastKnownFileType = sourcecode.c.h; name = "juce_CriticalSection.h"; path = "../../../juce/modules/juce_core/threads/juce_CriticalSection.h"; sourceTree = "SOURCE_ROOT"; };
		C1F2BD160A5C855E688F8101 = { isa = PBXFileReference; lastKnownFileType = sourcecode.cpp.cpp; name = "juce_PerformanceCounter.cpp"; path = "../../../juce/modules/juce_core/time/juce_PerformanceCounter.cpp"; sourceTree = "SOURCE_ROOT"; };
		C268C039AAF5CA027EF3BD74 = { isa = PBXFileReference; lastKnownFileType = sourcecode.cpp.cpp; name = "juce_win32_Network.cpp"; path = "../../../juce/modules/juce_core/native/juce_win32_Network.cpp"; sourceTree = "SOURCE_ROOT"; };
		C3AEA0889F1DDC09F87596C3 = { isa = PBXFileReference; lastKnownFileType = sourcecode.c.h; name = "juce_FileInputSource.h"; path = "../../../juce/modules/juce_core/streams/juce_FileInputSource.h"; sourceTree = "SOURCE_ROOT"; };
		C44E2C20665A9DD2B2555DB7 = { isa = PBXFileReference; lastKnownFileType = sourcecode.c.h; name = "juce_MathsFunctions.h"; path = "../../../juce/modules/juce_core/maths/juce_MathsFunctions.h"; sourceTree = "SOURCE_ROOT"; };
		C4D674185FB1104CB28A2382 = { isa = PBXFileReference; lastKnownFileType = sourcecode.cpp.objcpp; name = "juce_mac_Files.mm"; path = "../../../juce/modules/juce_core/native/juce_mac_Files.mm"; sourceTree = "SOURCE_ROOT"; };
		C523429050E063D985E47B30 = { isa = PBXFileReference; lastKnownFileType = sourcecode.cpp.objcpp; name = "juce_mac_Strings.mm"; path = "../../../juce/modules/juce_core/native/juce_mac_Strings.mm"; sourceTree = "SOURCE_ROOT"; };
		C5B676A004B03CE0EF59CB70 = { isa = PBXFileReference; lastKnownFileType = sourcecode.c.h; name = "juce_URL.h"; path = "../../../juce/modules/juce_core/network/juce_URL.h"; sourceTree = "SOURCE_ROOT"; };
		C74F930545408E73ED103205 = { isa = PBXFileReference; lastKnownFileType = sourcecode.cpp.cpp; name = "juce_InputStream.cpp"; path = "../../../juce/modules/juce_core/streams/juce_InputStream.cpp"; sourceTree = "SOURCE_ROOT"; };
		C75F9AFCF3CFE6FA6FFE6190 = { isa = PBXFileReference; lastKnownFileType = sourcecode.c.h; name = "juce_StandardHeader.h"; path = "../../../juce/modules/juce_core/system/juce_StandardHeader.h"; sourceTree = "SOURCE_ROOT"; };
		C8160C6C64A608A4F3EB161F = { isa = PBXFileReference; lastKnownFileType = sourcecode.c.h; name = "juce_AbstractFifo.h"; path = "../../../juce/modules/juce_core/containers/juce_AbstractFifo.h"; sourceTree = "SOURCE_ROOT"; };
		C9C35C033BB42688C7FA2674 = { isa = PBXFileReference; lastKnownFileType = sourcecode.cpp.objcpp; name = "juce_mac_SystemStats.mm"; path = "../../../juce/modules/juce_core/native/juce_mac_SystemStats.mm"; sourceTree = "SOURCE_ROOT"; };
		CD819AF5C7C9B1BBF5579924 = { isa = PBXFileReference; lastKnownFileType = sourcecode.cpp.cpp; name = "juce_linux_SystemStats.cpp"; path = "../../../juce/modules/juce_core/native/juce_linux_SystemStats.cpp"; sourceTree = "SOURCE_ROOT"; };
		CDED4C90BABE62CE7A353367 = { isa = PBXFileReference; lastKnownFileType = sourcecode.cpp.cpp; name = "juce_ChildProcess.cpp"; path = "../../../juce/modules/juce_core/threads/juce_ChildProcess.cpp"; sourceTree = "SOURCE_ROOT"; };
		CF326A596E93CEF10AF2FE62 = { isa = PBXFileReference; lastKnownFileType = sourcecode.cpp.cpp; name = "juce_FileOutputStream.cpp"; path = "../../../juce/modules/juce_core/files/juce_FileOutputStream.cpp"; sourceTree = "SOURCE_ROOT"; };
		CF69CD571370C380A70A1774 = { isa = PBXFileReference; lastKnownFileType = sourcecode.cpp.cpp; name = "juce_GZIPDecompressorInputStream.cpp"; path = "../../../juce/modules/juce_core/zip/juce_GZIPDecompressorInputStream.cpp"; sourceTree = "SOURCE_ROOT"; };
		CF7E91EE6C05CC5B2D952A73 = { isa = PBXFileReference; lastKnownFileType = sourcecode.cpp.cpp; name = "juce_DynamicObject.cpp"; path = "../../../juce/modules/juce_core/containers/juce_DynamicObject.cpp"; sourceTree = "SOURCE_ROOT"; };
		D001B34521BA49EF15BB9A17 = { isa = PBXFileReference; lastKnownFileType = sourcecode.cpp.objcpp; name = "juce_mac_Network.mm"; path = "../../../juce/modules/juce_core/native/juce_mac_Network.mm"; sourceTree = "SOURCE_ROOT"; };
		D0FF6684A8DABEA5686C93B6 = { isa = PBXFileReference; lastKnownFileType = sourcecode.c.h; name = "juce_Expression.h"; path = "../../../juce/modules/juce_core/maths/juce_Expression.h"; sourceTree = "SOURCE_ROOT"; };
		D1EC844241CF6036087B23BD = { isa = PBXFileReference; lastKnownFileType = sourcecode.cpp.cpp; name = "juce_win32_Registry.cpp"; path = "../../../juce/modules/juce_core/native/juce_win32_Registry.cpp"; sourceTree = "SOURCE_ROOT"; };
		D2B7D6E33279619D82EE6CF3 = { isa = PBXFileReference; lastKnownFileType = sourcecode.cpp.cpp; name = "juce_Random.cpp"; path = "../../../juce/modules/juce_core/maths/juce_Random.cpp"; sourceTree = "SOURCE_ROOT"; };
		D38EB12A4C0633031F332B82 = { isa = PBXFileReference; lastKnownFileType = sourcecode.c.h; name = "juce_ApplicationProperties.h"; path = "../../../juce/modules/juce_data_structures/app_properties/juce_ApplicationProperties.h"; sourceTree = "SOURCE_ROOT"; };
		D5B7DEF4872FE2D11D5EDE16 = { isa = PBXFileReference; lastKnownFileType = sourcecode.c.h; name = "juce_DeletedAtShutdown.h"; path = "../../../juce/modules/juce_events/messages/juce_DeletedAtShutdown.h"; sourceTree = "SOURCE_ROOT"; };
		D6783AD2619B54C18F824064 = { isa = PBXFileReference; lastKnownFileType = sourcecode.cpp.cpp; name = "juce_String.cpp"; path = "../../../juce/modules/juce_core/text/juce_String.cpp"; sourceTree = "SOURCE_ROOT"; };
		D6DDB7143909CFB5A1DC5A41 = { isa = PBXFileReference; lastKnownFileType = sourcecode.cpp.cpp; name = "juce_LocalisedStrings.cpp"; path = "../../../juce/modules/juce_core/text/juce_LocalisedStrings.cpp"; sourceTree = "SOURCE_ROOT"; };
		D707DA0D366807DCEF00823D = { isa = PBXFileReference; lastKnownFileType = sourcecode.cpp.cpp; name = "juce_StringArray.cpp"; path = "../../../juce/modules/juce_core/text/juce_StringArray.cpp"; sourceTree = "SOURCE_ROOT"; };
		D723B10EB7E11025CF0CEDCE = { isa = PBXFileReference; lastKnownFileType = sourcecode.c.h; name = "juce_ElementComparator.h"; path = "../../../juce/modules/juce_core/containers/juce_ElementComparator.h"; sourceTree = "SOURCE_ROOT"; };
		D7CDC550118D4BA6BA4E8D53 = { isa = PBXFileReference; lastKnownFileType = sourcecode.c.h; name = "juce_MessageListener.h"; path = "../../../juce/modules/juce_events/messages/juce_MessageListener.h"; sourceTree = "SOURCE_ROOT"; };
		D90EC11AE85BDE21C7B0CCD1 = { isa = PBXFileReference; lastKnownFileType = sourcecode.cpp.cpp; name = "juce_android_Files.cpp"; path = "../../../juce/modules/juce_core/native/juce_android_Files.cpp"; sourceTree = "SOURCE_ROOT"; };
		DA433ED2A2F01EC0E8F95EF2 = { isa = PBXFileReference; lastKnownFileType = sourcecode.c.h; name = "juce_InterprocessConnectionServer.h"; path = "../../../juce/modules/juce_events/interprocess/juce_InterprocessConnectionServer.h"; sourceTree = "SOURCE_ROOT"; };
		DA6189D5C34D4B228021E555 = { isa = PBXFileReference; lastKnownFileType = sourcecode.c.h; name = "juce_OptionalScopedPointer.h"; path = "../../../juce/modules/juce_core/memory/juce_OptionalScopedPointer.h"; sourceTree = "SOURCE_ROOT"; };
		DC30128F00C60709F5D78389 = { isa = PBXFileReference; lastKnownFileType = sourcecode.c.h; name = "juce_CharPointer_ASCII.h"; path = "../../../juce/modules/juce_core/text/juce_CharPointer_ASCII.h"; sourceTree = "SOURCE_ROOT"; };
		DDB7FC11BA583B0F3D435934 = { isa = PBXFileReference; lastKnownFileType = sourcecode.c.h; name = "juce_Logger.h"; path = "../../../juce/modules/juce_core/logging/juce_Logger.h"; sourceTree = "SOURCE_ROOT"; };
		E07E4DB3ECAD8CD89614F361 = { isa = PBXFileReference; lastKnownFileType = sourcecode.cpp.cpp; name = "juce_ActionBroadcaster.cpp"; path = "../../../juce/modules/juce_events/broadcasters/juce_ActionBroadcaster.cpp"; sourceTree = "SOURCE_ROOT"; };
		E1A9D2B70C3FC1D0D5696085 = { isa = PBXFileReference; lastKnownFileType = sourcecode.cpp.cpp; name = "juce_android_Misc.cpp"; path = "../../../juce/modules/juce_core/native/juce_android_Misc.cpp"; sourceTree = "SOURCE_ROOT"; };
		E43BB85A7E7459EEBA8775BA = { isa = PBXFileReference; lastKnownFileType = sourcecode.cpp.cpp; name = "juce_DirectoryIterator.cpp"; path = "../../../juce/modules/juce_core/files/juce_DirectoryIterator.cpp"; sourceTree = "SOURCE_ROOT"; };
		E652DA250B8CEB436A1BE8E2 = { isa = PBXFileReference; lastKnownFileType = sourcecode.cpp.cpp; name = "juce_linux_Threads.cpp"; path = "../../../juce/modules/juce_core/native/juce_linux_Threads.cpp"; sourceTree = "SOURCE_ROOT"; };
		E9696176DA8F3295D2603576 = { isa = PBXFileReference; lastKnownFileType = sourcecode.c.h; name = "juce_PerformanceCounter.h"; path = "../../../juce/modules/juce_core/time/juce_PerformanceCounter.h"; sourceTree = "SOURCE_ROOT"; };
		EA0CAA294D68A05C750B5A7A = { isa = PBXFileReference; lastKnownFileType = sourcecode.cpp.cpp; name = Main.cpp; path = ../../Source/Main.cpp; sourceTree = "SOURCE_ROOT"; };
		EA4ECDACF2DD1DC52531CABF = { isa = PBXFileReference; lastKnownFileType = sourcecode.c.h; name = "juce_NewLine.h"; path = "../../../juce/modules/juce_core/text/juce_NewLine.h"; sourceTree = "SOURCE_ROOT"; };
		ECC571A725EC9958DD675612 = { isa = PBXFileReference; lastKnownFileType = sourcecode.c.h; name = "juce_ValueTree.h"; path = "../../../juce/modules/juce_data_structures/values/juce_ValueTree.h"; sourceTree = "SOURCE_ROOT"; };
		EDBBC6AC6019494426550DAA = { isa = PBXFileReference; lastKnownFileType = sourcecode.cpp.cpp; name = "juce_Socket.cpp"; path = "../../../juce/modules/juce_core/network/juce_Socket.cpp"; sourceTree = "SOURCE_ROOT"; };
		EDF1C0385B5C02CE00DD2959 = { isa = PBXFileReference; lastKnownFileType = sourcecode.cpp.objcpp; name = "juce_mac_MessageManager.mm"; path = "../../../juce/modules/juce_events/native/juce_mac_MessageManager.mm"; sourceTree = "SOURCE_ROOT"; };
		EFA9B0AAB32C99FB254A903A = { isa = PBXFileReference; lastKnownFileType = sourcecode.c.h; name = "juce_BufferedInputStream.h"; path = "../../../juce/modules/juce_core/streams/juce_BufferedInputStream.h"; sourceTree = "SOURCE_ROOT"; };
		F0A1A5DCBB64AAA87395F852 = { isa = PBXFileReference; lastKnownFileType = sourcecode.c.h; name = "juce_ScopedValueSetter.h"; path = "../../../juce/modules/juce_core/containers/juce_ScopedValueSetter.h"; sourceTree = "SOURCE_ROOT"; };
		F0B067E1C641B16C45C038E1 = { isa = PBXFileReference; lastKnownFileType = sourcecode.c.h; name = "juce_InterProcessLock.h"; path = "../../../juce/modules/juce_core/threads/juce_InterProcessLock.h"; sourceTree = "SOURCE_ROOT"; };
		F107369CB447862C4DB6D625 = { isa = PBXFileReference; lastKnownFileType = sourcecode.cpp.cpp; name = "juce_MACAddress.cpp"; path = "../../../juce/modules/juce_core/network/juce_MACAddress.cpp"; sourceTree = "SOURCE_ROOT"; };
		F2F4F67D7C19BC0A0F0612D1 = { isa = PBXFileReference; lastKnownFileType = sourcecode.cpp.cpp; name = "juce_win32_Files.cpp"; path = "../../../juce/modules/juce_core/native/juce_win32_Files.cpp"; sourceTree = "SOURCE_ROOT"; };
		F5A462BB5475CA1FF119A28A = { isa = PBXFileReference; lastKnownFileType = sourcecode.c.h; name = "juce_PlatformDefs.h"; path = "../../../juce/modules/juce_core/system/juce_PlatformDefs.h"; sourceTree = "SOURCE_ROOT"; };
		F6B7C60557CB5E45417A6AFB = { isa = PBXFileReference; lastKnownFileType = sourcecode.cpp.cpp; name = "juce_ApplicationBase.cpp"; path = "../../../juce/modules/juce_events/messages/juce_ApplicationBase.cpp"; sourceTree = "SOURCE_ROOT"; };
		F6BB724B4541B2ACFCEFD1D2 = { isa = PBXFileReference; lastKnownFileType = sourcecode.c.h; name = "juce_TimeSliceThread.h"; path = "../../../juce/modules/juce_core/threads/juce_TimeSliceThread.h"; sourceTree = "SOURCE_ROOT"; };
		F7418FB4255BDDE8C90BA82B = { isa = PBXFileReference; lastKnownFileType = sourcecode.cpp.objcpp; name = "juce_mac_Threads.mm"; path = "../../../juce/modules/juce_core/native/juce_mac_Threads.mm"; sourceTree = "SOURCE_ROOT"; };
		F8E79E8DD264D2A717B66892 = { isa = PBXFileReference; lastKnownFileType = file; name = "juce_module_info"; path = "../../../juce/modules/juce_core/juce_module_info"; sourceTree = "SOURCE_ROOT"; };
		FAB332F9443F734968825BE5 = { isa = PBXFileReference; lastKnownFileType = sourcecode.cpp.cpp; name = "juce_CharacterFunctions.cpp"; path = "../../../juce/modules/juce_core/text/juce_CharacterFunctions.cpp"; sourceTree = "SOURCE_ROOT"; };
		FCE1600D48168D139DEA2FE4 = { isa = PBXFileReference; lastKnownFileType = sourcecode.c.h; name = "juce_ZipFile.h"; path = "../../../juce/modules/juce_core/zip/juce_ZipFile.h"; sourceTree = "SOURCE_ROOT"; };
		FE2611A96CC5066601151782 = { isa = PBXFileReference; lastKnownFileType = sourcecode.cpp.cpp; name = "juce_PropertiesFile.cpp"; path = "../../../juce/modules/juce_data_structures/app_properties/juce_PropertiesFile.cpp"; sourceTree = "SOURCE_ROOT"; };
		FF981BE3932FC0ECFEDD820C = { isa = PBXFileReference; lastKnownFileType = sourcecode.c.h; name = "juce_ActionBroadcaster.h"; path = "../../../juce/modules/juce_events/broadcasters/juce_ActionBroadcaster.h"; sourceTree = "SOURCE_ROOT"; };
		FFC772AEC4C1BE4011EA8644 = { isa = PBXFileReference; lastKnownFileType = sourcecode.cpp.cpp; name = "juce_UndoManager.cpp"; path = "../../../juce/modules/juce_data_structures/undomanager/juce_UndoManager.cpp"; sourceTree = "SOURCE_ROOT"; };
		FFF46549C309927A76B1E54C = { isa = PBXFileReference; lastKnownFileType = sourcecode.cpp.cpp; name = "juce_ChangeBroadcaster.cpp"; path = "../../../juce/modules/juce_events/broadcasters/juce_ChangeBroadcaster.cpp"; sourceTree = "SOURCE_ROOT"; };
		D6884FF40C09173CBF6A464B = { isa = PBXGroup; children = (
				B5394A84D906C48A6FD30D17,
				A16FF43F0A89DD8D359C4BF6,
				EA0CAA294D68A05C750B5A7A ); name = Source; sourceTree = "<group>"; };
		29B0F1AE1B644F9654517030 = { isa = PBXGroup; children = (
				D6884FF40C09173CBF6A464B ); name = "Synth-A-Modeler"; sourceTree = "<group>"; };
		B56CAA18791DD6598208F124 = { isa = PBXGroup; children = (
				FAB332F9443F734968825BE5,
				0BCBDA7D55A4E623468DE9F8,
				DC30128F00C60709F5D78389,
				B2376C0F66E568689EDAE060,
				ADE74F6B5F170C2C0A3F1C7F,
				5AFDC54E20AB90419460A16D,
				253AD9E6BCF45FEE360C4E9D,
				9B254D8684622A0C75BAA909,
				D6DDB7143909CFB5A1DC5A41,
				BCD7565C9FBCB085ACB6AF79,
				EA4ECDACF2DD1DC52531CABF,
				D6783AD2619B54C18F824064,
				3B3304D3D6D1C445ABE2FB19,
				D707DA0D366807DCEF00823D,
				1CD54AC82E554312C63B6FF0,
				122CC8C13B5197CF18FAA121,
				67AA8F2460EAB653222EC913,
				56D12C3AAA9EB00075BC5822,
				763386445BE047B2D10C5291,
				62068FC70A81DD4292FCF609,
				BA3AEA67E331859099B320CF ); name = text; sourceTree = "<group>"; };
		32D910BA056C5687777EAA6D = { isa = PBXGroup; children = (
				5B056CF4AB7E62EB226A7D57,
				63FF18D0738C864875275BEC,
				3D3156BA55BF1E871828F727,
				D0FF6684A8DABEA5686C93B6,
				C44E2C20665A9DD2B2555DB7,
				D2B7D6E33279619D82EE6CF3,
				794F14B4076C95CEDCADF533,
				26D09ACD700C36D13FFFB6A1 ); name = maths; sourceTree = "<group>"; };
		E175140C64F586950A451A55 = { isa = PBXGroup; children = (
				45BADAE00D3279C75E16D1E9,
				41653BBB98395E2419E738AA,
				081A797F80C7EB4572D9B125,
				352DDE0A36991B9070E4CE84,
				2A8050581B23AE00D403D45B,
				A55CDE7C5D5023F6E66CF21A,
				B97AB1D490BEC233B639D965,
				DA6189D5C34D4B228021E555,
				187FF34265BDD7AACFA578A2,
				502D30E785F981C52C779736,
				1F7FB44F30BADD50EA3CFB7A,
				86F4C05261CDD68BABFDA538 ); name = memory; sourceTree = "<group>"; };
		430B8D479FEF7B33436286B3 = { isa = PBXGroup; children = (
				487E9AF609258C5681433E80,
				C8160C6C64A608A4F3EB161F,
				B6DB305D6E391AEAC3BC5ECD,
				7EB2AD0FB3EC7F2B12192184,
				CF7E91EE6C05CC5B2D952A73,
				6398AFC115B0B4FA9A789E5F,
				D723B10EB7E11025CF0CEDCE,
				94C3C65D777471EA7BE9621B,
				327743C222F6273992A048B7,
				39F4857DEE469B92FC76E6F7,
				07D59CBB052CC2702EC92756,
				273E6FBC21995C7C88A5F1F2,
				A65411C45DC498532666E12E,
				BB90271EF44A4EF15DFBCA71,
				36B5DDCB82FAB055D94DB42B,
				F0A1A5DCBB64AAA87395F852,
				20750FADA59AF3796E1A5DA4,
				95296FBB9A33F421516C7395,
				301FF7B27BE8A15B9DC93410,
				2D73738205E6D62FCDFE8EE6 ); name = containers; sourceTree = "<group>"; };
		FA56FC414CC6C8110081521C = { isa = PBXGroup; children = (
				CDED4C90BABE62CE7A353367,
				1D5E39768A22459F7C49176E,
				BEB400768FD4538CE59AA6D4,
				256569A158333B4959C2F44B,
				F0B067E1C641B16C45C038E1,
				2FF34C41F5D6EC44C0CE6030,
				36922C7F2BF43C75433A38B1,
				89730578DBBC6886948D1637,
				A16FEFD781068850996936FC,
				A3BD1D122AC5E42B9915CD90,
				2D47AF9CE2DCA40F7DD21294,
				40EE1E39C94949E9801395DF,
				18719C9C1E29DA7DD2E4872E,
				92E8674E5E0F1E7FFF6A9881,
				2CCDD3CFCDB539FBE0299551,
				68F8251F84364F59F739747C,
				09B98A09CCCBBAA196221799,
				30FFA2B61FF3D284788351E3,
				F6BB724B4541B2ACFCEFD1D2,
				411F0A2B12AD9FEA9BD944A3 ); name = threads; sourceTree = "<group>"; };
		E5D1F5AB0A4F99B14212815F = { isa = PBXGroup; children = (
				C1F2BD160A5C855E688F8101,
				E9696176DA8F3295D2603576,
				9F613A7EBD33F8E46C77F1FE,
				A3923BBF2CF7A3D30DB6F641,
				42CFF72802FFD5DFC452B05B,
				902D64E7630FCFC9B36FAFFA ); name = time; sourceTree = "<group>"; };
		CACA16BBC6700B1706AA7C91 = { isa = PBXGroup; children = (
				E43BB85A7E7459EEBA8775BA,
				022569FAFF8D87F918C93A5D,
				2407C676FE0CB0D75A118105,
				1BFD695E78D87F4442E89BEA,
				7CAF48ED3CA136038372B92B,
				8FB836B4A6F836570CA157AF,
				CF326A596E93CEF10AF2FE62,
				BDC6AE75B6D7F8086EE240BA,
				592DBE8AEA755C0A07D313CA,
				89D3DDBA80888E9F83DE3BFA,
				97CEE246B01DD0AB93CEFAC3,
				58733D1C7E87DE26628A0C20,
				5997258801CDCB76F3DF0587 ); name = files; sourceTree = "<group>"; };
		A22C5E428BC2EAC19C57364F = { isa = PBXGroup; children = (
				F107369CB447862C4DB6D625,
				A6B92F1F699A951EC430D41B,
				4568C2BBF9BFFC270B7B7CBE,
				B6FEF6E8BC77EEAE26D36859,
				EDBBC6AC6019494426550DAA,
				0673CDFA2345E2E7BD4ACD4C,
				94972B4C4C5AC928F2466D72,
				C5B676A004B03CE0EF59CB70 ); name = network; sourceTree = "<group>"; };
		8F9EAB1255D14BC4E0AC501A = { isa = PBXGroup; children = (
				31FCC079D352BBF713F7D349,
				EFA9B0AAB32C99FB254A903A,
				55DB8E3D7CF4AA7B9F7D6BFF,
				C3AEA0889F1DDC09F87596C3,
				B146901AC572A142C8679A74,
				C74F930545408E73ED103205,
				77F5261DEC547E005CA5FE54,
				3FA2503550275648167E3223,
				526C5D4609369E8DD9B2E871,
				B20DABEFF4518CB52E36063F,
				54213FE2A3CCC6CDC9578F9E,
				33F1C9F4EB75DB86C56FA00C,
				7D62A5B584B5E2D6FB6088A6,
				56A6FDBD15E2457A487747C3,
				947338FFE44A06DF1F658AE1 ); name = streams; sourceTree = "<group>"; };
		FCD9D363B67DDE66EC4C5864 = { isa = PBXGroup; children = (
				B1EA064583D7549AC8C4178D,
				21531F057F5A2F9785B833F0,
				04A231E1D69AD82655B3B7C2,
				DDB7FC11BA583B0F3D435934 ); name = logging; sourceTree = "<group>"; };
		013714ECF9659E3C25F71A16 = { isa = PBXGroup; children = (
				F5A462BB5475CA1FF119A28A,
				C75F9AFCF3CFE6FA6FFE6190,
				AF8DCA38E8C0FE5B88832D42,
				6E58ADE28FEB5C79C789B541,
				71350F3778B4EDC08697B67C ); name = system; sourceTree = "<group>"; };
		16D2546EFF5C87ADC016C654 = { isa = PBXGroup; children = (
				2FAE190C59E9CE8EDEE14DEB,
				17166FD774F50637B2EDF185,
				AF73AB0B1B9B4658DDA038F1,
				8C81E02AAB9B14BF8F40003C ); name = xml; sourceTree = "<group>"; };
		0678438192D58B62F5651F3E = { isa = PBXGroup; children = (
				7330044C26D584B8D1A9C1DC,
				9344C1F3AD4AD41B29618E0F ); name = json; sourceTree = "<group>"; };
		B28696CA8D10A6112244C979 = { isa = PBXGroup; children = (
				768D26760C9FCB36348F0317,
				71CCCF0584192DA411B01E96,
				CF69CD571370C380A70A1774,
				0EB033E03F4113546E431A27,
				099F66DC2C5DBEBFCDABAFF1,
				FCE1600D48168D139DEA2FE4 ); name = zip; sourceTree = "<group>"; };
		68F85271A71D349065424931 = { isa = PBXGroup; children = (
				7EEC8C641F949D4430EAE0C3,
				0DD8F25BFF02BFA16B17A60E ); name = "unit_tests"; sourceTree = "<group>"; };
		17896BCB2FB7A9449BEB5AC5 = { isa = PBXGroup; children = (
				BAFB5D7A17E83CBD0C83FB6B,
				AA849DBDE73551468D92AEE7,
				718DECEC273C1CEC332616D4,
				571729D431681A2541AD28C3,
				0883E59E44525DBABB0B99F0 ); name = misc; sourceTree = "<group>"; };
		FFDBE82E395C094D2AA7B0E1 = { isa = PBXGroup; children = (
				D90EC11AE85BDE21C7B0CCD1,
				4603420C02E0941055249475,
				E1A9D2B70C3FC1D0D5696085,
				A59E33A58E8B726BEBCA31B8,
				61656BC6FB44C834632E339B,
				4D477E77930CAD1FBCEE16C4,
				08093DA5DEBD783157D6E914,
				B2C37731C52E88C75A1A4B3A,
				790F1EEFD59DE87D5F1DC868,
				CD819AF5C7C9B1BBF5579924,
				E652DA250B8CEB436A1BE8E2,
				C4D674185FB1104CB28A2382,
				D001B34521BA49EF15BB9A17,
				C523429050E063D985E47B30,
				C9C35C033BB42688C7FA2674,
				F7418FB4255BDDE8C90BA82B,
				37CF2FD68852F98A4FE46D7B,
				71DD06A4857429DCF25622C3,
				B61838677C1FC803B1EC5620,
				38B29F674133DB5F461A18AB,
				F2F4F67D7C19BC0A0F0612D1,
				C268C039AAF5CA027EF3BD74,
				D1EC844241CF6036087B23BD,
				44F543C9701B0015271CBFC7,
				63668BE3F56D39DA8A123A04 ); name = native; sourceTree = "<group>"; };
		63C740592919C75542DF83E2 = { isa = PBXGroup; children = (
				B56CAA18791DD6598208F124,
				32D910BA056C5687777EAA6D,
				E175140C64F586950A451A55,
				430B8D479FEF7B33436286B3,
				FA56FC414CC6C8110081521C,
				E5D1F5AB0A4F99B14212815F,
				CACA16BBC6700B1706AA7C91,
				A22C5E428BC2EAC19C57364F,
				8F9EAB1255D14BC4E0AC501A,
				FCD9D363B67DDE66EC4C5864,
				013714ECF9659E3C25F71A16,
				16D2546EFF5C87ADC016C654,
				0678438192D58B62F5651F3E,
				B28696CA8D10A6112244C979,
				68F85271A71D349065424931,
				17896BCB2FB7A9449BEB5AC5,
				FFDBE82E395C094D2AA7B0E1,
				F8E79E8DD264D2A717B66892,
				6AF0424D98F926941D080526 ); name = "juce_core"; sourceTree = "<group>"; };
		7D9CA7E7A26832988F12F93D = { isa = PBXGroup; children = (
				0265036ED06BCE98B42F29BE,
				353882CE670387C2E39A9CA4,
				0A7809C026E514A11C71CA4F,
				ECC571A725EC9958DD675612 ); name = values; sourceTree = "<group>"; };
		3E32449CA0D5D7DBEB90CCE1 = { isa = PBXGroup; children = (
				2741B23DC27CACC624501F80,
				FFC772AEC4C1BE4011EA8644,
				975F288DEBF5E117FE917FA3 ); name = undomanager; sourceTree = "<group>"; };
		F9C7107B80495A77799E4126 = { isa = PBXGroup; children = (
				62FAFCB8F95977942CBA7C71,
				D38EB12A4C0633031F332B82,
				FE2611A96CC5066601151782,
				149744F9B6D082263FFE5C13 ); name = "app_properties"; sourceTree = "<group>"; };
		3834777D9D0E9DD36D43D975 = { isa = PBXGroup; children = (
				7D9CA7E7A26832988F12F93D,
				3E32449CA0D5D7DBEB90CCE1,
				F9C7107B80495A77799E4126,
				B946DADC179B392C2076558C,
				433255FD8B0CCDC826471506 ); name = "juce_data_structures"; sourceTree = "<group>"; };
		2A3FB7E7394D5254A4FFA3D5 = { isa = PBXGroup; children = (
				F6B7C60557CB5E45417A6AFB,
				A75878AC211E872D132B7824,
				AC0FC1C0989C3B8B4FA174DD,
				513CC2E4C68D039530EFA9CF,
				D5B7DEF4872FE2D11D5EDE16,
				6128310CD6E6EA7CA1CDD784,
				7AD8F5438AAD368E5864BCBB,
				D7CDC550118D4BA6BA4E8D53,
				64991D982549D85AF776892E,
				85036DE3888B718E73AB0449,
				10CB69BCF7454E187D2CF02F ); name = messages; sourceTree = "<group>"; };
		3576CCD0E7245B5847317C8F = { isa = PBXGroup; children = (
				4490386077127D5CA5BF9F8F,
				740E9C93DB039879A1873B2B,
				1636D398EACF11BB8F2072A8,
				279050AB59F14D59304B7B66 ); name = timers; sourceTree = "<group>"; };
		569982897C329167310150F1 = { isa = PBXGroup; children = (
				E07E4DB3ECAD8CD89614F361,
				FF981BE3932FC0ECFEDD820C,
				73D2A33AFCED273E13EDAA8E,
				1271981007F12A5267AE2F19,
				3AA5169E54E9327BBB11C4B2,
				FFF46549C309927A76B1E54C,
				4A6FEC2DDF3A0933E4406A40,
				202D15289B4563AD58172A25,
				2A45AF0BF244A999AC067411 ); name = broadcasters; sourceTree = "<group>"; };
		66B7C6679F7825921EEB3C50 = { isa = PBXGroup; children = (
				B1BEDBF76251C9D21B59F28A,
				A91017B8C4D58ED358656C81,
				03FE4D1056BC0E4F7201D5DC,
				DA433ED2A2F01EC0E8F95EF2 ); name = interprocess; sourceTree = "<group>"; };
		272879EB099719A1E9072CBD = { isa = PBXGroup; children = (
				14329D56D3585637AD446DF6,
				1D4C782DC7312C9C9451D8D2,
				2A2859ABABFD4C1CBCBDD933,
				EDF1C0385B5C02CE00DD2959,
				B22D9B986A308134C99D132C,
				4AE601B256A4DE54A5E258B9,
				63C949DA3ED7F5AC89233CE4,
				A0AB4BE3314BCEB63AF285B8 ); name = native; sourceTree = "<group>"; };
		CEEF76F4D96CFF1668F8F966 = { isa = PBXGroup; children = (
				2A3FB7E7394D5254A4FFA3D5,
				3576CCD0E7245B5847317C8F,
				569982897C329167310150F1,
				66B7C6679F7825921EEB3C50,
				272879EB099719A1E9072CBD,
				8E1A4142A52E423094F4BB7C,
				905B197131B1A53D06E2E88F ); name = "juce_events"; sourceTree = "<group>"; };
		7DDF300E1FA94D5C004394A7 = { isa = PBXGroup; children = (
				63C740592919C75542DF83E2,
				3834777D9D0E9DD36D43D975,
				CEEF76F4D96CFF1668F8F966 ); name = "Juce Modules"; sourceTree = "<group>"; };
		AFC3114E567DCAA78EC44E9E = { isa = PBXGroup; children = (
				A492D03F25E18B8E4F78054C,
				0247C05373A95B1CB430273D,
				83BA5D21FB9C1E59F3FAED3B,
				4B8FB60B640E443DD3F37853,
				6428230BEA8614F97B9516C1 ); name = "Juce Library Code"; sourceTree = "<group>"; };
		71082347E97BB9853DB02E09 = { isa = PBXGroup; children = (  ); name = Resources; sourceTree = "<group>"; };
		88F668BA9C8BF8775711F5D1 = { isa = PBXGroup; children = (
				576EC5945D17C37511A73714,
				5E400F9209C92288061BF0A5 ); name = Frameworks; sourceTree = "<group>"; };
		01CBCE59F09339173D3A2209 = { isa = PBXGroup; children = (
				52C17205903DB7F4E5013D5C ); name = Products; sourceTree = "<group>"; };
		5AC26E91DD9E81A07CEC06CB = { isa = PBXGroup; children = (
				29B0F1AE1B644F9654517030,
				7DDF300E1FA94D5C004394A7,
				AFC3114E567DCAA78EC44E9E,
				71082347E97BB9853DB02E09,
				88F668BA9C8BF8775711F5D1,
				01CBCE59F09339173D3A2209 ); name = Source; sourceTree = "<group>"; };
		8688BC8E7C96022BFF65208C = { isa = XCBuildConfiguration; buildSettings = {
				HEADER_SEARCH_PATHS = "../../JuceLibraryCode $(inherited)";
				GCC_OPTIMIZATION_LEVEL = 0;
				INFOPLIST_FILE = Info.plist;
				INSTALL_PATH = "/usr/bin";
				MACOSX_DEPLOYMENT_TARGET_ppc = 10.4;
				SDKROOT_ppc = macosx10.5;
				GCC_VERSION = com.apple.compilers.llvm.clang.1_0;
				CLANG_CXX_LANGUAGE_STANDARD = "c++0x";
				COMBINE_HIDPI_IMAGES = YES;
				ONLY_ACTIVE_ARCH = YES;
				COPY_PHASE_STRIP = NO;
				GCC_DYNAMIC_NO_PIC = NO;
				GCC_PREPROCESSOR_DEFINITIONS = (
				"_DEBUG=1",
				"DEBUG=1",
				"UNIT_TESTS=1",
				"JUCER_XCODE_MAC_F6D2F4CF=1"); }; name = Debug; };
		3BD339FCFFFB2F8F74E12A93 = { isa = XCBuildConfiguration; buildSettings = {
				HEADER_SEARCH_PATHS = "../../JuceLibraryCode $(inherited)";
				GCC_OPTIMIZATION_LEVEL = s;
				INFOPLIST_FILE = Info.plist;
				INSTALL_PATH = "/usr/bin";
				MACOSX_DEPLOYMENT_TARGET = 10.6;
				MACOSX_DEPLOYMENT_TARGET_ppc = 10.4;
				SDKROOT_ppc = macosx10.5;
				GCC_VERSION = com.apple.compilers.llvm.clang.1_0;
				CLANG_CXX_LANGUAGE_STANDARD = "c++0x";
				COMBINE_HIDPI_IMAGES = YES;
				GCC_GENERATE_DEBUGGING_SYMBOLS = NO;
				GCC_SYMBOLS_PRIVATE_EXTERN = YES;
				GCC_PREPROCESSOR_DEFINITIONS = (
				"_NDEBUG=1",
				"NDEBUG=1",
				"JUCER_XCODE_MAC_F6D2F4CF=1"); }; name = Release; };
		0C14620529958C3D290BC30D = { isa = XCBuildConfiguration; buildSettings = {
				ALWAYS_SEARCH_USER_PATHS = NO;
				GCC_C_LANGUAGE_STANDARD = c99;
				GCC_WARN_ABOUT_RETURN_TYPE = YES;
				GCC_WARN_CHECK_SWITCH_STATEMENTS = YES;
				GCC_WARN_UNUSED_VARIABLE = YES;
				GCC_WARN_MISSING_PARENTHESES = YES;
				GCC_WARN_NON_VIRTUAL_DESTRUCTOR = YES;
				GCC_WARN_TYPECHECK_CALLS_TO_PRINTF = YES;
				WARNING_CFLAGS = -Wreorder;
				GCC_MODEL_TUNING = G5;
				GCC_INLINES_ARE_PRIVATE_EXTERN = YES;
				ZERO_LINK = NO;
				DEBUG_INFORMATION_FORMAT = "dwarf";
				PRODUCT_NAME = "Synth-A-Modeler"; }; name = Debug; };
		21A37708865C3BC491477257 = { isa = XCBuildConfiguration; buildSettings = {
				ALWAYS_SEARCH_USER_PATHS = NO;
				GCC_C_LANGUAGE_STANDARD = c99;
				GCC_WARN_ABOUT_RETURN_TYPE = YES;
				GCC_WARN_CHECK_SWITCH_STATEMENTS = YES;
				GCC_WARN_UNUSED_VARIABLE = YES;
				GCC_WARN_MISSING_PARENTHESES = YES;
				GCC_WARN_NON_VIRTUAL_DESTRUCTOR = YES;
				GCC_WARN_TYPECHECK_CALLS_TO_PRINTF = YES;
				WARNING_CFLAGS = -Wreorder;
				GCC_MODEL_TUNING = G5;
				GCC_INLINES_ARE_PRIVATE_EXTERN = YES;
				ZERO_LINK = NO;
				DEBUG_INFORMATION_FORMAT = "dwarf";
				PRODUCT_NAME = "Synth-A-Modeler"; }; name = Release; };
		DD19201AE4CA48432100C513 = { isa = XCConfigurationList; buildConfigurations = (
				0C14620529958C3D290BC30D,
				21A37708865C3BC491477257 ); defaultConfigurationIsVisible = 0; defaultConfigurationName = Debug; };
		6FD1ADCCC3FCE5127EDDF833 = { isa = XCConfigurationList; buildConfigurations = (
				8688BC8E7C96022BFF65208C,
				3BD339FCFFFB2F8F74E12A93 ); defaultConfigurationIsVisible = 0; defaultConfigurationName = Debug; };
		82797839FD7865639EAEE8A7 = { isa = PBXResourcesBuildPhase; buildActionMask = 2147483647; files = (  ); runOnlyForDeploymentPostprocessing = 0; };
		A36087D8E2A6A9E9896E6F5C = { isa = PBXSourcesBuildPhase; buildActionMask = 2147483647; files = (
				F8A2DD672333ED9DD932B57A,
				3AA838268F63B25785582E08,
				4073E87FEA3ADA388736D56F,
				A6451A7AB34239195B0E50F7,
				FA87A938677191D293762BD3 ); runOnlyForDeploymentPostprocessing = 0; };
		3E722AB4C85F9ED08B459A97 = { isa = PBXFrameworksBuildPhase; buildActionMask = 2147483647; files = (
				52D836C7DB7F1C476DA374D1,
				0F200B45E65B40E19F90330C ); runOnlyForDeploymentPostprocessing = 0; };
		15C36DE370BB695FF30E1131 = { isa = PBXNativeTarget; buildConfigurationList = 6FD1ADCCC3FCE5127EDDF833; buildPhases = (
				82797839FD7865639EAEE8A7,
				A36087D8E2A6A9E9896E6F5C,
				3E722AB4C85F9ED08B459A97 ); buildRules = ( ); dependencies = ( ); name = "Synth-A-Modeler"; productName = "Synth-A-Modeler"; productReference = 52C17205903DB7F4E5013D5C; productInstallPath = /usr/bin; productType = "com.apple.product-type.tool"; };
		86956E261EFCE2C072A68E65 = { isa = PBXProject; buildConfigurationList = DD19201AE4CA48432100C513; attributes = { LastUpgradeCheck = 0440; }; compatibilityVersion = "Xcode 3.2"; hasScannedForEncodings = 0; mainGroup = 5AC26E91DD9E81A07CEC06CB; projectDirPath = ""; projectRoot = ""; targets = ( 15C36DE370BB695FF30E1131 ); };
	};
	rootObject = 86956E261EFCE2C072A68E65;
}
